// !$*UTF8*$!
{
	archiveVersion = 1;
	classes = {
	};
	objectVersion = 46;
	objects = {

/* Begin PBXBuildFile section */
		4F2364751939476300310BB1 /* GameOverScene.m in Sources */ = {isa = PBXBuildFile; fileRef = 4F2364741939476300310BB1 /* GameOverScene.m */; };
		4F47E8DB1942307900BB3024 /* Images.xcassets in Resources */ = {isa = PBXBuildFile; fileRef = 4F47E8DA1942307900BB3024 /* Images.xcassets */; };
		4F4F71C51C1739D400FE78F4 /* Fabric.framework in Frameworks */ = {isa = PBXBuildFile; fileRef = 4F4F71C31C1739D400FE78F4 /* Fabric.framework */; };
		4F4F71C61C1739D400FE78F4 /* Crashlytics.framework in Frameworks */ = {isa = PBXBuildFile; fileRef = 4F4F71C41C1739D400FE78F4 /* Crashlytics.framework */; };
		4F52E3EF1946473C000CD736 /* AudioSession.m in Sources */ = {isa = PBXBuildFile; fileRef = 4F52E3EE1946473C000CD736 /* AudioSession.m */; };
		4F52E3F119476956000CD736 /* The_Juggler.mp3 in Resources */ = {isa = PBXBuildFile; fileRef = 4F52E3F019476956000CD736 /* The_Juggler.mp3 */; };
		4F52E42E1948B9AF000CD736 /* Buzz.mp3 in Resources */ = {isa = PBXBuildFile; fileRef = 4F52E42D1948B9AF000CD736 /* Buzz.mp3 */; };
		4F52E4301948BA69000CD736 /* Brrringgg.caf in Resources */ = {isa = PBXBuildFile; fileRef = 4F52E42F1948BA69000CD736 /* Brrringgg.caf */; };
		4F5CBF9D1937D225005A9BF3 /* QuartzCore.framework in Frameworks */ = {isa = PBXBuildFile; fileRef = 4F5CBF9C1937D225005A9BF3 /* QuartzCore.framework */; };
		4F5CBF9F1937D230005A9BF3 /* SystemConfiguration.framework in Frameworks */ = {isa = PBXBuildFile; fileRef = 4F5CBF9E1937D230005A9BF3 /* SystemConfiguration.framework */; };
		4F5CBFA11937D23A005A9BF3 /* AdSupport.framework in Frameworks */ = {isa = PBXBuildFile; fileRef = 4F5CBFA01937D23A005A9BF3 /* AdSupport.framework */; };
		4F5CBFA51937D24F005A9BF3 /* CoreMedia.framework in Frameworks */ = {isa = PBXBuildFile; fileRef = 4F5CBFA41937D24F005A9BF3 /* CoreMedia.framework */; };
		4F5CBFA71937D258005A9BF3 /* AVFoundation.framework in Frameworks */ = {isa = PBXBuildFile; fileRef = 4F5CBFA61937D258005A9BF3 /* AVFoundation.framework */; };
		4F5CBFA91937D260005A9BF3 /* CoreData.framework in Frameworks */ = {isa = PBXBuildFile; fileRef = 4F5CBFA81937D260005A9BF3 /* CoreData.framework */; };
		4F5CBFAB1937DD0E005A9BF3 /* iAd.framework in Frameworks */ = {isa = PBXBuildFile; fileRef = 4F5CBFAA1937DD0E005A9BF3 /* iAd.framework */; };
		4F61C0081936F43700F3ECD8 /* Foundation.framework in Frameworks */ = {isa = PBXBuildFile; fileRef = 4F61C0071936F43700F3ECD8 /* Foundation.framework */; };
		4F61C00A1936F43700F3ECD8 /* CoreGraphics.framework in Frameworks */ = {isa = PBXBuildFile; fileRef = 4F61C0091936F43700F3ECD8 /* CoreGraphics.framework */; };
		4F61C00C1936F43700F3ECD8 /* UIKit.framework in Frameworks */ = {isa = PBXBuildFile; fileRef = 4F61C00B1936F43700F3ECD8 /* UIKit.framework */; };
		4F61C00E1936F43700F3ECD8 /* SpriteKit.framework in Frameworks */ = {isa = PBXBuildFile; fileRef = 4F61C00D1936F43700F3ECD8 /* SpriteKit.framework */; };
		4F61C0141936F43700F3ECD8 /* InfoPlist.strings in Resources */ = {isa = PBXBuildFile; fileRef = 4F61C0121936F43700F3ECD8 /* InfoPlist.strings */; };
		4F61C0161936F43700F3ECD8 /* main.m in Sources */ = {isa = PBXBuildFile; fileRef = 4F61C0151936F43700F3ECD8 /* main.m */; };
		4F61C01A1936F43700F3ECD8 /* AppDelegate.m in Sources */ = {isa = PBXBuildFile; fileRef = 4F61C0191936F43700F3ECD8 /* AppDelegate.m */; };
		4F61C01D1936F43700F3ECD8 /* Main_iPhone.storyboard in Resources */ = {isa = PBXBuildFile; fileRef = 4F61C01B1936F43700F3ECD8 /* Main_iPhone.storyboard */; };
		4F61C0201936F43700F3ECD8 /* Main_iPad.storyboard in Resources */ = {isa = PBXBuildFile; fileRef = 4F61C01E1936F43700F3ECD8 /* Main_iPad.storyboard */; };
		4F61C0311936F43800F3ECD8 /* XCTest.framework in Frameworks */ = {isa = PBXBuildFile; fileRef = 4F61C0301936F43800F3ECD8 /* XCTest.framework */; };
		4F61C0321936F43800F3ECD8 /* Foundation.framework in Frameworks */ = {isa = PBXBuildFile; fileRef = 4F61C0071936F43700F3ECD8 /* Foundation.framework */; };
		4F61C0331936F43800F3ECD8 /* UIKit.framework in Frameworks */ = {isa = PBXBuildFile; fileRef = 4F61C00B1936F43700F3ECD8 /* UIKit.framework */; };
		4F61C03B1936F43800F3ECD8 /* InfoPlist.strings in Resources */ = {isa = PBXBuildFile; fileRef = 4F61C0391936F43800F3ECD8 /* InfoPlist.strings */; };
		4F61C03D1936F43800F3ECD8 /* JugglerTests.m in Sources */ = {isa = PBXBuildFile; fileRef = 4F61C03C1936F43800F3ECD8 /* JugglerTests.m */; };
		4F61C0481936F5A100F3ECD8 /* JugglerViewController.m in Sources */ = {isa = PBXBuildFile; fileRef = 4F61C0471936F5A100F3ECD8 /* JugglerViewController.m */; };
		4F61C04D1936F6C100F3ECD8 /* MainMenuScene.m in Sources */ = {isa = PBXBuildFile; fileRef = 4F61C04C1936F6C100F3ECD8 /* MainMenuScene.m */; };
		4F61C0501936F92D00F3ECD8 /* GameCenterControl.m in Sources */ = {isa = PBXBuildFile; fileRef = 4F61C04F1936F92D00F3ECD8 /* GameCenterControl.m */; };
		4F61C0531937032B00F3ECD8 /* GameScene.m in Sources */ = {isa = PBXBuildFile; fileRef = 4F61C0521937032B00F3ECD8 /* GameScene.m */; };
		4F61C05619371C7E00F3ECD8 /* Item.m in Sources */ = {isa = PBXBuildFile; fileRef = 4F61C05519371C7E00F3ECD8 /* Item.m */; };
		4F61C05A19371CB100F3ECD8 /* Score.m in Sources */ = {isa = PBXBuildFile; fileRef = 4F61C05919371CB100F3ECD8 /* Score.m */; };
		4F91363B1944D95700E7D854 /* Score.mp3 in Resources */ = {isa = PBXBuildFile; fileRef = 4F9136351944D95700E7D854 /* Score.mp3 */; };
		4F91363C1944D95700E7D854 /* Click_Down.mp3 in Resources */ = {isa = PBXBuildFile; fileRef = 4F9136361944D95700E7D854 /* Click_Down.mp3 */; };
		4F91363E1944D95700E7D854 /* Click_Up.mp3 in Resources */ = {isa = PBXBuildFile; fileRef = 4F9136381944D95700E7D854 /* Click_Up.mp3 */; };
		4F91363F1944D95700E7D854 /* Click.mp3 in Resources */ = {isa = PBXBuildFile; fileRef = 4F9136391944D95700E7D854 /* Click.mp3 */; };
		4F9136401944D95700E7D854 /* Hit.mp3 in Resources */ = {isa = PBXBuildFile; fileRef = 4F91363A1944D95700E7D854 /* Hit.mp3 */; };
		4FB89B711C122002005911C6 /* Chartboost.framework in Frameworks */ = {isa = PBXBuildFile; fileRef = 4FB89B701C122002005911C6 /* Chartboost.framework */; settings = {ATTRIBUTES = (Required, ); }; };
		4FBB1C45193BBB010084739B /* libGoogleAdMobAds.a in Frameworks */ = {isa = PBXBuildFile; fileRef = 4FBB1C43193BBB010084739B /* libGoogleAdMobAds.a */; };
		4FBB1C46193BBB010084739B /* README.txt in Resources */ = {isa = PBXBuildFile; fileRef = 4FBB1C44193BBB010084739B /* README.txt */; };
		4FBB1C49193BBB4D0084739B /* AudioToolbox.framework in Frameworks */ = {isa = PBXBuildFile; fileRef = 4FBB1C48193BBB4D0084739B /* AudioToolbox.framework */; };
		4FBB1C4B193BBB620084739B /* CoreTelephony.framework in Frameworks */ = {isa = PBXBuildFile; fileRef = 4FBB1C4A193BBB620084739B /* CoreTelephony.framework */; };
		4FBB1C4D193BBB700084739B /* MessageUI.framework in Frameworks */ = {isa = PBXBuildFile; fileRef = 4FBB1C4C193BBB700084739B /* MessageUI.framework */; };
/* End PBXBuildFile section */

/* Begin PBXContainerItemProxy section */
		4F61C0341936F43800F3ECD8 /* PBXContainerItemProxy */ = {
			isa = PBXContainerItemProxy;
			containerPortal = 4F61BFFC1936F43700F3ECD8 /* Project object */;
			proxyType = 1;
			remoteGlobalIDString = 4F61C0031936F43700F3ECD8;
			remoteInfo = Juggler;
		};
/* End PBXContainerItemProxy section */

/* Begin PBXFileReference section */
		4F2364731939476300310BB1 /* GameOverScene.h */ = {isa = PBXFileReference; fileEncoding = 4; lastKnownFileType = sourcecode.c.h; path = GameOverScene.h; sourceTree = "<group>"; };
		4F2364741939476300310BB1 /* GameOverScene.m */ = {isa = PBXFileReference; fileEncoding = 4; lastKnownFileType = sourcecode.c.objc; path = GameOverScene.m; sourceTree = "<group>"; };
		4F47E8DA1942307900BB3024 /* Images.xcassets */ = {isa = PBXFileReference; lastKnownFileType = folder.assetcatalog; path = Images.xcassets; sourceTree = "<group>"; };
		4F4F71C31C1739D400FE78F4 /* Fabric.framework */ = {isa = PBXFileReference; lastKnownFileType = wrapper.framework; path = Fabric.framework; sourceTree = "<group>"; };
		4F4F71C41C1739D400FE78F4 /* Crashlytics.framework */ = {isa = PBXFileReference; lastKnownFileType = wrapper.framework; path = Crashlytics.framework; sourceTree = "<group>"; };
		4F52E3ED1946473C000CD736 /* AudioSession.h */ = {isa = PBXFileReference; fileEncoding = 4; lastKnownFileType = sourcecode.c.h; path = AudioSession.h; sourceTree = "<group>"; };
		4F52E3EE1946473C000CD736 /* AudioSession.m */ = {isa = PBXFileReference; fileEncoding = 4; lastKnownFileType = sourcecode.c.objc; path = AudioSession.m; sourceTree = "<group>"; };
		4F52E3F019476956000CD736 /* The_Juggler.mp3 */ = {isa = PBXFileReference; lastKnownFileType = audio.mp3; path = The_Juggler.mp3; sourceTree = "<group>"; };
		4F52E42D1948B9AF000CD736 /* Buzz.mp3 */ = {isa = PBXFileReference; lastKnownFileType = audio.mp3; path = Buzz.mp3; sourceTree = "<group>"; };
		4F52E42F1948BA69000CD736 /* Brrringgg.caf */ = {isa = PBXFileReference; lastKnownFileType = file; path = Brrringgg.caf; sourceTree = "<group>"; };
		4F5CBF9C1937D225005A9BF3 /* QuartzCore.framework */ = {isa = PBXFileReference; lastKnownFileType = wrapper.framework; name = QuartzCore.framework; path = System/Library/Frameworks/QuartzCore.framework; sourceTree = SDKROOT; };
		4F5CBF9E1937D230005A9BF3 /* SystemConfiguration.framework */ = {isa = PBXFileReference; lastKnownFileType = wrapper.framework; name = SystemConfiguration.framework; path = System/Library/Frameworks/SystemConfiguration.framework; sourceTree = SDKROOT; };
		4F5CBFA01937D23A005A9BF3 /* AdSupport.framework */ = {isa = PBXFileReference; lastKnownFileType = wrapper.framework; name = AdSupport.framework; path = System/Library/Frameworks/AdSupport.framework; sourceTree = SDKROOT; };
		4F5CBFA41937D24F005A9BF3 /* CoreMedia.framework */ = {isa = PBXFileReference; lastKnownFileType = wrapper.framework; name = CoreMedia.framework; path = System/Library/Frameworks/CoreMedia.framework; sourceTree = SDKROOT; };
		4F5CBFA61937D258005A9BF3 /* AVFoundation.framework */ = {isa = PBXFileReference; lastKnownFileType = wrapper.framework; name = AVFoundation.framework; path = System/Library/Frameworks/AVFoundation.framework; sourceTree = SDKROOT; };
		4F5CBFA81937D260005A9BF3 /* CoreData.framework */ = {isa = PBXFileReference; lastKnownFileType = wrapper.framework; name = CoreData.framework; path = System/Library/Frameworks/CoreData.framework; sourceTree = SDKROOT; };
		4F5CBFAA1937DD0E005A9BF3 /* iAd.framework */ = {isa = PBXFileReference; lastKnownFileType = wrapper.framework; name = iAd.framework; path = System/Library/Frameworks/iAd.framework; sourceTree = SDKROOT; };
		4F61C0041936F43700F3ECD8 /* Juggler.app */ = {isa = PBXFileReference; explicitFileType = wrapper.application; includeInIndex = 0; path = Juggler.app; sourceTree = BUILT_PRODUCTS_DIR; };
		4F61C0071936F43700F3ECD8 /* Foundation.framework */ = {isa = PBXFileReference; lastKnownFileType = wrapper.framework; name = Foundation.framework; path = System/Library/Frameworks/Foundation.framework; sourceTree = SDKROOT; };
		4F61C0091936F43700F3ECD8 /* CoreGraphics.framework */ = {isa = PBXFileReference; lastKnownFileType = wrapper.framework; name = CoreGraphics.framework; path = System/Library/Frameworks/CoreGraphics.framework; sourceTree = SDKROOT; };
		4F61C00B1936F43700F3ECD8 /* UIKit.framework */ = {isa = PBXFileReference; lastKnownFileType = wrapper.framework; name = UIKit.framework; path = System/Library/Frameworks/UIKit.framework; sourceTree = SDKROOT; };
		4F61C00D1936F43700F3ECD8 /* SpriteKit.framework */ = {isa = PBXFileReference; lastKnownFileType = wrapper.framework; name = SpriteKit.framework; path = System/Library/Frameworks/SpriteKit.framework; sourceTree = SDKROOT; };
		4F61C0111936F43700F3ECD8 /* Juggler-Info.plist */ = {isa = PBXFileReference; lastKnownFileType = text.plist.xml; path = "Juggler-Info.plist"; sourceTree = "<group>"; };
		4F61C0131936F43700F3ECD8 /* en */ = {isa = PBXFileReference; lastKnownFileType = text.plist.strings; name = en; path = en.lproj/InfoPlist.strings; sourceTree = "<group>"; };
		4F61C0151936F43700F3ECD8 /* main.m */ = {isa = PBXFileReference; lastKnownFileType = sourcecode.c.objc; path = main.m; sourceTree = "<group>"; };
		4F61C0171936F43700F3ECD8 /* Juggler-Prefix.pch */ = {isa = PBXFileReference; lastKnownFileType = sourcecode.c.h; path = "Juggler-Prefix.pch"; sourceTree = "<group>"; };
		4F61C0181936F43700F3ECD8 /* AppDelegate.h */ = {isa = PBXFileReference; lastKnownFileType = sourcecode.c.h; path = AppDelegate.h; sourceTree = "<group>"; };
		4F61C0191936F43700F3ECD8 /* AppDelegate.m */ = {isa = PBXFileReference; lastKnownFileType = sourcecode.c.objc; path = AppDelegate.m; sourceTree = "<group>"; };
		4F61C01C1936F43700F3ECD8 /* Base */ = {isa = PBXFileReference; lastKnownFileType = file.storyboard; name = Base; path = Base.lproj/Main_iPhone.storyboard; sourceTree = "<group>"; };
		4F61C01F1936F43700F3ECD8 /* Base */ = {isa = PBXFileReference; lastKnownFileType = file.storyboard; name = Base; path = Base.lproj/Main_iPad.storyboard; sourceTree = "<group>"; };
		4F61C02F1936F43800F3ECD8 /* JugglerTests.xctest */ = {isa = PBXFileReference; explicitFileType = wrapper.cfbundle; includeInIndex = 0; path = JugglerTests.xctest; sourceTree = BUILT_PRODUCTS_DIR; };
		4F61C0301936F43800F3ECD8 /* XCTest.framework */ = {isa = PBXFileReference; lastKnownFileType = wrapper.framework; name = XCTest.framework; path = Library/Frameworks/XCTest.framework; sourceTree = DEVELOPER_DIR; };
		4F61C0381936F43800F3ECD8 /* JugglerTests-Info.plist */ = {isa = PBXFileReference; lastKnownFileType = text.plist.xml; path = "JugglerTests-Info.plist"; sourceTree = "<group>"; };
		4F61C03A1936F43800F3ECD8 /* en */ = {isa = PBXFileReference; lastKnownFileType = text.plist.strings; name = en; path = en.lproj/InfoPlist.strings; sourceTree = "<group>"; };
		4F61C03C1936F43800F3ECD8 /* JugglerTests.m */ = {isa = PBXFileReference; lastKnownFileType = sourcecode.c.objc; path = JugglerTests.m; sourceTree = "<group>"; };
		4F61C0461936F5A100F3ECD8 /* JugglerViewController.h */ = {isa = PBXFileReference; fileEncoding = 4; lastKnownFileType = sourcecode.c.h; path = JugglerViewController.h; sourceTree = "<group>"; };
		4F61C0471936F5A100F3ECD8 /* JugglerViewController.m */ = {isa = PBXFileReference; fileEncoding = 4; lastKnownFileType = sourcecode.c.objc; path = JugglerViewController.m; sourceTree = "<group>"; };
		4F61C04B1936F6C100F3ECD8 /* MainMenuScene.h */ = {isa = PBXFileReference; fileEncoding = 4; lastKnownFileType = sourcecode.c.h; path = MainMenuScene.h; sourceTree = "<group>"; };
		4F61C04C1936F6C100F3ECD8 /* MainMenuScene.m */ = {isa = PBXFileReference; fileEncoding = 4; lastKnownFileType = sourcecode.c.objc; path = MainMenuScene.m; sourceTree = "<group>"; };
		4F61C04E1936F92D00F3ECD8 /* GameCenterControl.h */ = {isa = PBXFileReference; fileEncoding = 4; lastKnownFileType = sourcecode.c.h; path = GameCenterControl.h; sourceTree = "<group>"; };
		4F61C04F1936F92D00F3ECD8 /* GameCenterControl.m */ = {isa = PBXFileReference; fileEncoding = 4; lastKnownFileType = sourcecode.c.objc; path = GameCenterControl.m; sourceTree = "<group>"; };
		4F61C0511937032B00F3ECD8 /* GameScene.h */ = {isa = PBXFileReference; fileEncoding = 4; lastKnownFileType = sourcecode.c.h; path = GameScene.h; sourceTree = "<group>"; };
		4F61C0521937032B00F3ECD8 /* GameScene.m */ = {isa = PBXFileReference; fileEncoding = 4; lastKnownFileType = sourcecode.c.objc; path = GameScene.m; sourceTree = "<group>"; };
		4F61C05419371C7E00F3ECD8 /* Item.h */ = {isa = PBXFileReference; fileEncoding = 4; lastKnownFileType = sourcecode.c.h; path = Item.h; sourceTree = "<group>"; };
		4F61C05519371C7E00F3ECD8 /* Item.m */ = {isa = PBXFileReference; fileEncoding = 4; lastKnownFileType = sourcecode.c.objc; path = Item.m; sourceTree = "<group>"; };
		4F61C05819371CB100F3ECD8 /* Score.h */ = {isa = PBXFileReference; fileEncoding = 4; lastKnownFileType = sourcecode.c.h; path = Score.h; sourceTree = "<group>"; };
		4F61C05919371CB100F3ECD8 /* Score.m */ = {isa = PBXFileReference; fileEncoding = 4; lastKnownFileType = sourcecode.c.objc; path = Score.m; sourceTree = "<group>"; };
		4F9136351944D95700E7D854 /* Score.mp3 */ = {isa = PBXFileReference; lastKnownFileType = audio.mp3; path = Score.mp3; sourceTree = "<group>"; };
		4F9136361944D95700E7D854 /* Click_Down.mp3 */ = {isa = PBXFileReference; lastKnownFileType = audio.mp3; path = Click_Down.mp3; sourceTree = "<group>"; };
		4F9136381944D95700E7D854 /* Click_Up.mp3 */ = {isa = PBXFileReference; lastKnownFileType = audio.mp3; path = Click_Up.mp3; sourceTree = "<group>"; };
		4F9136391944D95700E7D854 /* Click.mp3 */ = {isa = PBXFileReference; lastKnownFileType = audio.mp3; path = Click.mp3; sourceTree = "<group>"; };
		4F91363A1944D95700E7D854 /* Hit.mp3 */ = {isa = PBXFileReference; lastKnownFileType = audio.mp3; path = Hit.mp3; sourceTree = "<group>"; };
		4FB89B701C122002005911C6 /* Chartboost.framework */ = {isa = PBXFileReference; lastKnownFileType = wrapper.framework; path = Chartboost.framework; sourceTree = "<group>"; };
		4FBB1C37193BBB010084739B /* GADAdMobExtras.h */ = {isa = PBXFileReference; fileEncoding = 4; lastKnownFileType = sourcecode.c.h; path = GADAdMobExtras.h; sourceTree = "<group>"; };
		4FBB1C38193BBB010084739B /* GADAdNetworkExtras.h */ = {isa = PBXFileReference; fileEncoding = 4; lastKnownFileType = sourcecode.c.h; path = GADAdNetworkExtras.h; sourceTree = "<group>"; };
		4FBB1C39193BBB010084739B /* GADAdSize.h */ = {isa = PBXFileReference; fileEncoding = 4; lastKnownFileType = sourcecode.c.h; path = GADAdSize.h; sourceTree = "<group>"; };
		4FBB1C3A193BBB010084739B /* GADBannerView.h */ = {isa = PBXFileReference; fileEncoding = 4; lastKnownFileType = sourcecode.c.h; path = GADBannerView.h; sourceTree = "<group>"; };
		4FBB1C3B193BBB010084739B /* GADBannerViewDelegate.h */ = {isa = PBXFileReference; fileEncoding = 4; lastKnownFileType = sourcecode.c.h; path = GADBannerViewDelegate.h; sourceTree = "<group>"; };
		4FBB1C3C193BBB010084739B /* GADInAppPurchase.h */ = {isa = PBXFileReference; fileEncoding = 4; lastKnownFileType = sourcecode.c.h; path = GADInAppPurchase.h; sourceTree = "<group>"; };
		4FBB1C3D193BBB010084739B /* GADInAppPurchaseDelegate.h */ = {isa = PBXFileReference; fileEncoding = 4; lastKnownFileType = sourcecode.c.h; path = GADInAppPurchaseDelegate.h; sourceTree = "<group>"; };
		4FBB1C3E193BBB010084739B /* GADInterstitial.h */ = {isa = PBXFileReference; fileEncoding = 4; lastKnownFileType = sourcecode.c.h; path = GADInterstitial.h; sourceTree = "<group>"; };
		4FBB1C3F193BBB010084739B /* GADInterstitialDelegate.h */ = {isa = PBXFileReference; fileEncoding = 4; lastKnownFileType = sourcecode.c.h; path = GADInterstitialDelegate.h; sourceTree = "<group>"; };
		4FBB1C40193BBB010084739B /* GADModules.h */ = {isa = PBXFileReference; fileEncoding = 4; lastKnownFileType = sourcecode.c.h; path = GADModules.h; sourceTree = "<group>"; };
		4FBB1C41193BBB010084739B /* GADRequest.h */ = {isa = PBXFileReference; fileEncoding = 4; lastKnownFileType = sourcecode.c.h; path = GADRequest.h; sourceTree = "<group>"; };
		4FBB1C42193BBB010084739B /* GADRequestError.h */ = {isa = PBXFileReference; fileEncoding = 4; lastKnownFileType = sourcecode.c.h; path = GADRequestError.h; sourceTree = "<group>"; };
		4FBB1C43193BBB010084739B /* libGoogleAdMobAds.a */ = {isa = PBXFileReference; lastKnownFileType = archive.ar; path = libGoogleAdMobAds.a; sourceTree = "<group>"; };
		4FBB1C44193BBB010084739B /* README.txt */ = {isa = PBXFileReference; fileEncoding = 4; lastKnownFileType = text; path = README.txt; sourceTree = "<group>"; };
		4FBB1C48193BBB4D0084739B /* AudioToolbox.framework */ = {isa = PBXFileReference; lastKnownFileType = wrapper.framework; name = AudioToolbox.framework; path = System/Library/Frameworks/AudioToolbox.framework; sourceTree = SDKROOT; };
		4FBB1C4A193BBB620084739B /* CoreTelephony.framework */ = {isa = PBXFileReference; lastKnownFileType = wrapper.framework; name = CoreTelephony.framework; path = System/Library/Frameworks/CoreTelephony.framework; sourceTree = SDKROOT; };
		4FBB1C4C193BBB700084739B /* MessageUI.framework */ = {isa = PBXFileReference; lastKnownFileType = wrapper.framework; name = MessageUI.framework; path = System/Library/Frameworks/MessageUI.framework; sourceTree = SDKROOT; };
/* End PBXFileReference section */

/* Begin PBXFrameworksBuildPhase section */
		4F61C0011936F43700F3ECD8 /* Frameworks */ = {
			isa = PBXFrameworksBuildPhase;
			buildActionMask = 2147483647;
			files = (
				4FBB1C4D193BBB700084739B /* MessageUI.framework in Frameworks */,
				4FBB1C4B193BBB620084739B /* CoreTelephony.framework in Frameworks */,
				4FBB1C49193BBB4D0084739B /* AudioToolbox.framework in Frameworks */,
				4FB89B711C122002005911C6 /* Chartboost.framework in Frameworks */,
				4F5CBFAB1937DD0E005A9BF3 /* iAd.framework in Frameworks */,
				4F5CBFA91937D260005A9BF3 /* CoreData.framework in Frameworks */,
				4F5CBFA71937D258005A9BF3 /* AVFoundation.framework in Frameworks */,
				4F5CBFA51937D24F005A9BF3 /* CoreMedia.framework in Frameworks */,
				4F5CBFA11937D23A005A9BF3 /* AdSupport.framework in Frameworks */,
				4F5CBF9F1937D230005A9BF3 /* SystemConfiguration.framework in Frameworks */,
				4F4F71C61C1739D400FE78F4 /* Crashlytics.framework in Frameworks */,
				4F5CBF9D1937D225005A9BF3 /* QuartzCore.framework in Frameworks */,
				4F61C00A1936F43700F3ECD8 /* CoreGraphics.framework in Frameworks */,
				4F61C00C1936F43700F3ECD8 /* UIKit.framework in Frameworks */,
				4F61C00E1936F43700F3ECD8 /* SpriteKit.framework in Frameworks */,
				4FBB1C45193BBB010084739B /* libGoogleAdMobAds.a in Frameworks */,
				4F4F71C51C1739D400FE78F4 /* Fabric.framework in Frameworks */,
				4F61C0081936F43700F3ECD8 /* Foundation.framework in Frameworks */,
			);
			runOnlyForDeploymentPostprocessing = 0;
		};
		4F61C02C1936F43800F3ECD8 /* Frameworks */ = {
			isa = PBXFrameworksBuildPhase;
			buildActionMask = 2147483647;
			files = (
				4F61C0311936F43800F3ECD8 /* XCTest.framework in Frameworks */,
				4F61C0331936F43800F3ECD8 /* UIKit.framework in Frameworks */,
				4F61C0321936F43800F3ECD8 /* Foundation.framework in Frameworks */,
			);
			runOnlyForDeploymentPostprocessing = 0;
		};
/* End PBXFrameworksBuildPhase section */

/* Begin PBXGroup section */
		4F61BFFB1936F43700F3ECD8 = {
			isa = PBXGroup;
			children = (
				4F61C00F1936F43700F3ECD8 /* Juggler */,
				4F61C0361936F43800F3ECD8 /* JugglerTests */,
				4F61C0061936F43700F3ECD8 /* Frameworks */,
				4F61C0051936F43700F3ECD8 /* Products */,
			);
			sourceTree = "<group>";
		};
		4F61C0051936F43700F3ECD8 /* Products */ = {
			isa = PBXGroup;
			children = (
				4F61C0041936F43700F3ECD8 /* Juggler.app */,
				4F61C02F1936F43800F3ECD8 /* JugglerTests.xctest */,
			);
			name = Products;
			sourceTree = "<group>";
		};
		4F61C0061936F43700F3ECD8 /* Frameworks */ = {
			isa = PBXGroup;
			children = (
				4F4F71C31C1739D400FE78F4 /* Fabric.framework */,
				4F4F71C41C1739D400FE78F4 /* Crashlytics.framework */,
				4FB89B701C122002005911C6 /* Chartboost.framework */,
				4FBB1C4C193BBB700084739B /* MessageUI.framework */,
				4FBB1C4A193BBB620084739B /* CoreTelephony.framework */,
				4FBB1C48193BBB4D0084739B /* AudioToolbox.framework */,
				4F5CBFAA1937DD0E005A9BF3 /* iAd.framework */,
				4F5CBFA81937D260005A9BF3 /* CoreData.framework */,
				4F5CBFA61937D258005A9BF3 /* AVFoundation.framework */,
				4F5CBFA41937D24F005A9BF3 /* CoreMedia.framework */,
				4F5CBFA01937D23A005A9BF3 /* AdSupport.framework */,
				4F5CBF9E1937D230005A9BF3 /* SystemConfiguration.framework */,
				4F5CBF9C1937D225005A9BF3 /* QuartzCore.framework */,
				4F61C0071936F43700F3ECD8 /* Foundation.framework */,
				4F61C0091936F43700F3ECD8 /* CoreGraphics.framework */,
				4F61C00B1936F43700F3ECD8 /* UIKit.framework */,
				4F61C00D1936F43700F3ECD8 /* SpriteKit.framework */,
				4F61C0301936F43800F3ECD8 /* XCTest.framework */,
			);
			name = Frameworks;
			sourceTree = "<group>";
		};
		4F61C00F1936F43700F3ECD8 /* Juggler */ = {
			isa = PBXGroup;
			children = (
				4F61C0181936F43700F3ECD8 /* AppDelegate.h */,
				4F61C0191936F43700F3ECD8 /* AppDelegate.m */,
				4F61C04E1936F92D00F3ECD8 /* GameCenterControl.h */,
				4F61C04F1936F92D00F3ECD8 /* GameCenterControl.m */,
				4F52E3ED1946473C000CD736 /* AudioSession.h */,
				4F52E3EE1946473C000CD736 /* AudioSession.m */,
				4F61C0461936F5A100F3ECD8 /* JugglerViewController.h */,
				4F61C0471936F5A100F3ECD8 /* JugglerViewController.m */,
				4F47E8DA1942307900BB3024 /* Images.xcassets */,
				4F9136411944D96200E7D854 /* Sound */,
				4F61C04A1936F68300F3ECD8 /* Views */,
				4F61C0491936F66F00F3ECD8 /* Scenes */,
				4F61C05719371C8A00F3ECD8 /* Model */,
				4FBB1C47193BBB0C0084739B /* AdMob */,
				4F61C0101936F43700F3ECD8 /* Supporting Files */,
			);
			path = Juggler;
			sourceTree = "<group>";
		};
		4F61C0101936F43700F3ECD8 /* Supporting Files */ = {
			isa = PBXGroup;
			children = (
				4F61C0111936F43700F3ECD8 /* Juggler-Info.plist */,
				4F61C0121936F43700F3ECD8 /* InfoPlist.strings */,
				4F61C0151936F43700F3ECD8 /* main.m */,
				4F61C0171936F43700F3ECD8 /* Juggler-Prefix.pch */,
			);
			name = "Supporting Files";
			sourceTree = "<group>";
		};
		4F61C0361936F43800F3ECD8 /* JugglerTests */ = {
			isa = PBXGroup;
			children = (
				4F61C03C1936F43800F3ECD8 /* JugglerTests.m */,
				4F61C0371936F43800F3ECD8 /* Supporting Files */,
			);
			path = JugglerTests;
			sourceTree = "<group>";
		};
		4F61C0371936F43800F3ECD8 /* Supporting Files */ = {
			isa = PBXGroup;
			children = (
				4F61C0381936F43800F3ECD8 /* JugglerTests-Info.plist */,
				4F61C0391936F43800F3ECD8 /* InfoPlist.strings */,
			);
			name = "Supporting Files";
			sourceTree = "<group>";
		};
		4F61C0491936F66F00F3ECD8 /* Scenes */ = {
			isa = PBXGroup;
			children = (
				4F61C04B1936F6C100F3ECD8 /* MainMenuScene.h */,
				4F61C04C1936F6C100F3ECD8 /* MainMenuScene.m */,
				4F61C0511937032B00F3ECD8 /* GameScene.h */,
				4F61C0521937032B00F3ECD8 /* GameScene.m */,
				4F2364731939476300310BB1 /* GameOverScene.h */,
				4F2364741939476300310BB1 /* GameOverScene.m */,
			);
			name = Scenes;
			sourceTree = "<group>";
		};
		4F61C04A1936F68300F3ECD8 /* Views */ = {
			isa = PBXGroup;
			children = (
				4F61C01B1936F43700F3ECD8 /* Main_iPhone.storyboard */,
				4F61C01E1936F43700F3ECD8 /* Main_iPad.storyboard */,
			);
			name = Views;
			sourceTree = "<group>";
		};
		4F61C05719371C8A00F3ECD8 /* Model */ = {
			isa = PBXGroup;
			children = (
				4F61C05419371C7E00F3ECD8 /* Item.h */,
				4F61C05519371C7E00F3ECD8 /* Item.m */,
				4F61C05819371CB100F3ECD8 /* Score.h */,
				4F61C05919371CB100F3ECD8 /* Score.m */,
			);
			name = Model;
			sourceTree = "<group>";
		};
		4F9136411944D96200E7D854 /* Sound */ = {
			isa = PBXGroup;
			children = (
				4F52E3F019476956000CD736 /* The_Juggler.mp3 */,
				4F9136351944D95700E7D854 /* Score.mp3 */,
				4F9136361944D95700E7D854 /* Click_Down.mp3 */,
				4F9136381944D95700E7D854 /* Click_Up.mp3 */,
				4F9136391944D95700E7D854 /* Click.mp3 */,
				4F91363A1944D95700E7D854 /* Hit.mp3 */,
				4F52E42D1948B9AF000CD736 /* Buzz.mp3 */,
				4F52E42F1948BA69000CD736 /* Brrringgg.caf */,
			);
			name = Sound;
			sourceTree = "<group>";
		};
		4FBB1C47193BBB0C0084739B /* AdMob */ = {
			isa = PBXGroup;
			children = (
				4FBB1C37193BBB010084739B /* GADAdMobExtras.h */,
				4FBB1C38193BBB010084739B /* GADAdNetworkExtras.h */,
				4FBB1C39193BBB010084739B /* GADAdSize.h */,
				4FBB1C3A193BBB010084739B /* GADBannerView.h */,
				4FBB1C3B193BBB010084739B /* GADBannerViewDelegate.h */,
				4FBB1C3C193BBB010084739B /* GADInAppPurchase.h */,
				4FBB1C3D193BBB010084739B /* GADInAppPurchaseDelegate.h */,
				4FBB1C3E193BBB010084739B /* GADInterstitial.h */,
				4FBB1C3F193BBB010084739B /* GADInterstitialDelegate.h */,
				4FBB1C40193BBB010084739B /* GADModules.h */,
				4FBB1C41193BBB010084739B /* GADRequest.h */,
				4FBB1C42193BBB010084739B /* GADRequestError.h */,
				4FBB1C43193BBB010084739B /* libGoogleAdMobAds.a */,
				4FBB1C44193BBB010084739B /* README.txt */,
			);
			name = AdMob;
			sourceTree = "<group>";
		};
/* End PBXGroup section */

/* Begin PBXNativeTarget section */
		4F61C0031936F43700F3ECD8 /* Juggler */ = {
			isa = PBXNativeTarget;
			buildConfigurationList = 4F61C0401936F43800F3ECD8 /* Build configuration list for PBXNativeTarget "Juggler" */;
			buildPhases = (
				4F61C0001936F43700F3ECD8 /* Sources */,
				4F61C0011936F43700F3ECD8 /* Frameworks */,
				4F61C0021936F43700F3ECD8 /* Resources */,
				4F4F71C21C1739A900FE78F4 /* ShellScript */,
			);
			buildRules = (
			);
			dependencies = (
			);
			name = Juggler;
			productName = Juggler;
			productReference = 4F61C0041936F43700F3ECD8 /* Juggler.app */;
			productType = "com.apple.product-type.application";
		};
		4F61C02E1936F43800F3ECD8 /* JugglerTests */ = {
			isa = PBXNativeTarget;
			buildConfigurationList = 4F61C0431936F43800F3ECD8 /* Build configuration list for PBXNativeTarget "JugglerTests" */;
			buildPhases = (
				4F61C02B1936F43800F3ECD8 /* Sources */,
				4F61C02C1936F43800F3ECD8 /* Frameworks */,
				4F61C02D1936F43800F3ECD8 /* Resources */,
			);
			buildRules = (
			);
			dependencies = (
				4F61C0351936F43800F3ECD8 /* PBXTargetDependency */,
			);
			name = JugglerTests;
			productName = JugglerTests;
			productReference = 4F61C02F1936F43800F3ECD8 /* JugglerTests.xctest */;
			productType = "com.apple.product-type.bundle.unit-test";
		};
/* End PBXNativeTarget section */

/* Begin PBXProject section */
		4F61BFFC1936F43700F3ECD8 /* Project object */ = {
			isa = PBXProject;
			attributes = {
				LastUpgradeCheck = 0710;
				ORGANIZATIONNAME = "Evan Lewis";
				TargetAttributes = {
					4F61C0031936F43700F3ECD8 = {
						DevelopmentTeam = 7ZE54HDXZR;
						SystemCapabilities = {
							com.apple.InAppPurchase = {
								enabled = 0;
							};
						};
					};
					4F61C02E1936F43800F3ECD8 = {
						TestTargetID = 4F61C0031936F43700F3ECD8;
					};
				};
			};
			buildConfigurationList = 4F61BFFF1936F43700F3ECD8 /* Build configuration list for PBXProject "Juggler" */;
			compatibilityVersion = "Xcode 3.2";
			developmentRegion = English;
			hasScannedForEncodings = 0;
			knownRegions = (
				en,
				Base,
			);
			mainGroup = 4F61BFFB1936F43700F3ECD8;
			productRefGroup = 4F61C0051936F43700F3ECD8 /* Products */;
			projectDirPath = "";
			projectRoot = "";
			targets = (
				4F61C0031936F43700F3ECD8 /* Juggler */,
				4F61C02E1936F43800F3ECD8 /* JugglerTests */,
			);
		};
/* End PBXProject section */

/* Begin PBXResourcesBuildPhase section */
		4F61C0021936F43700F3ECD8 /* Resources */ = {
			isa = PBXResourcesBuildPhase;
			buildActionMask = 2147483647;
			files = (
				4F91363F1944D95700E7D854 /* Click.mp3 in Resources */,
				4F9136401944D95700E7D854 /* Hit.mp3 in Resources */,
				4F91363C1944D95700E7D854 /* Click_Down.mp3 in Resources */,
				4F47E8DB1942307900BB3024 /* Images.xcassets in Resources */,
				4F91363B1944D95700E7D854 /* Score.mp3 in Resources */,
				4F61C0201936F43700F3ECD8 /* Main_iPad.storyboard in Resources */,
				4F91363E1944D95700E7D854 /* Click_Up.mp3 in Resources */,
				4F52E4301948BA69000CD736 /* Brrringgg.caf in Resources */,
				4F61C01D1936F43700F3ECD8 /* Main_iPhone.storyboard in Resources */,
				4FBB1C46193BBB010084739B /* README.txt in Resources */,
				4F52E42E1948B9AF000CD736 /* Buzz.mp3 in Resources */,
				4F52E3F119476956000CD736 /* The_Juggler.mp3 in Resources */,
				4F61C0141936F43700F3ECD8 /* InfoPlist.strings in Resources */,
			);
			runOnlyForDeploymentPostprocessing = 0;
		};
		4F61C02D1936F43800F3ECD8 /* Resources */ = {
			isa = PBXResourcesBuildPhase;
			buildActionMask = 2147483647;
			files = (
				4F61C03B1936F43800F3ECD8 /* InfoPlist.strings in Resources */,
			);
			runOnlyForDeploymentPostprocessing = 0;
		};
/* End PBXResourcesBuildPhase section */

/* Begin PBXShellScriptBuildPhase section */
		4F4F71C21C1739A900FE78F4 /* ShellScript */ = {
			isa = PBXShellScriptBuildPhase;
			buildActionMask = 2147483647;
			files = (
			);
			inputPaths = (
			);
			outputPaths = (
			);
			runOnlyForDeploymentPostprocessing = 0;
			shellPath = /bin/sh;
			shellScript = "./Fabric.framework/run 2dc7fcb0503f1e8d4ab624535a9f5d48db7d596a b9a9b1123a61d00895b7f4d3986f94eb8059971ecb398ac16a006ae6182a1af2";
		};
/* End PBXShellScriptBuildPhase section */

/* Begin PBXSourcesBuildPhase section */
		4F61C0001936F43700F3ECD8 /* Sources */ = {
			isa = PBXSourcesBuildPhase;
			buildActionMask = 2147483647;
			files = (
				4F61C01A1936F43700F3ECD8 /* AppDelegate.m in Sources */,
				4F2364751939476300310BB1 /* GameOverScene.m in Sources */,
				4F61C0501936F92D00F3ECD8 /* GameCenterControl.m in Sources */,
				4F61C0481936F5A100F3ECD8 /* JugglerViewController.m in Sources */,
				4F61C04D1936F6C100F3ECD8 /* MainMenuScene.m in Sources */,
				4F52E3EF1946473C000CD736 /* AudioSession.m in Sources */,
				4F61C0531937032B00F3ECD8 /* GameScene.m in Sources */,
				4F61C05619371C7E00F3ECD8 /* Item.m in Sources */,
				4F61C05A19371CB100F3ECD8 /* Score.m in Sources */,
				4F61C0161936F43700F3ECD8 /* main.m in Sources */,
			);
			runOnlyForDeploymentPostprocessing = 0;
		};
		4F61C02B1936F43800F3ECD8 /* Sources */ = {
			isa = PBXSourcesBuildPhase;
			buildActionMask = 2147483647;
			files = (
				4F61C03D1936F43800F3ECD8 /* JugglerTests.m in Sources */,
			);
			runOnlyForDeploymentPostprocessing = 0;
		};
/* End PBXSourcesBuildPhase section */

/* Begin PBXTargetDependency section */
		4F61C0351936F43800F3ECD8 /* PBXTargetDependency */ = {
			isa = PBXTargetDependency;
			target = 4F61C0031936F43700F3ECD8 /* Juggler */;
			targetProxy = 4F61C0341936F43800F3ECD8 /* PBXContainerItemProxy */;
		};
/* End PBXTargetDependency section */

/* Begin PBXVariantGroup section */
		4F61C0121936F43700F3ECD8 /* InfoPlist.strings */ = {
			isa = PBXVariantGroup;
			children = (
				4F61C0131936F43700F3ECD8 /* en */,
			);
			name = InfoPlist.strings;
			sourceTree = "<group>";
		};
		4F61C01B1936F43700F3ECD8 /* Main_iPhone.storyboard */ = {
			isa = PBXVariantGroup;
			children = (
				4F61C01C1936F43700F3ECD8 /* Base */,
			);
			name = Main_iPhone.storyboard;
			sourceTree = "<group>";
		};
		4F61C01E1936F43700F3ECD8 /* Main_iPad.storyboard */ = {
			isa = PBXVariantGroup;
			children = (
				4F61C01F1936F43700F3ECD8 /* Base */,
			);
			name = Main_iPad.storyboard;
			sourceTree = "<group>";
		};
		4F61C0391936F43800F3ECD8 /* InfoPlist.strings */ = {
			isa = PBXVariantGroup;
			children = (
				4F61C03A1936F43800F3ECD8 /* en */,
			);
			name = InfoPlist.strings;
			sourceTree = "<group>";
		};
/* End PBXVariantGroup section */

/* Begin XCBuildConfiguration section */
		4F61C03E1936F43800F3ECD8 /* Debug */ = {
			isa = XCBuildConfiguration;
			buildSettings = {
				ALWAYS_SEARCH_USER_PATHS = NO;
				CLANG_CXX_LANGUAGE_STANDARD = "gnu++0x";
				CLANG_CXX_LIBRARY = "libc++";
				CLANG_ENABLE_MODULES = YES;
				CLANG_ENABLE_OBJC_ARC = YES;
				CLANG_WARN_BOOL_CONVERSION = YES;
				CLANG_WARN_CONSTANT_CONVERSION = YES;
				CLANG_WARN_DIRECT_OBJC_ISA_USAGE = YES_ERROR;
				CLANG_WARN_EMPTY_BODY = YES;
				CLANG_WARN_ENUM_CONVERSION = YES;
				CLANG_WARN_INT_CONVERSION = YES;
				CLANG_WARN_OBJC_ROOT_CLASS = YES_ERROR;
				CLANG_WARN__DUPLICATE_METHOD_MATCH = YES;
				"CODE_SIGN_IDENTITY[sdk=iphoneos*]" = "iPhone Developer";
				COPY_PHASE_STRIP = NO;
				ENABLE_TESTABILITY = YES;
				GCC_C_LANGUAGE_STANDARD = gnu99;
				GCC_DYNAMIC_NO_PIC = NO;
				GCC_OPTIMIZATION_LEVEL = 0;
				GCC_PREPROCESSOR_DEFINITIONS = (
					"DEBUG=1",
					"$(inherited)",
				);
				GCC_SYMBOLS_PRIVATE_EXTERN = NO;
				GCC_WARN_64_TO_32_BIT_CONVERSION = YES;
				GCC_WARN_ABOUT_RETURN_TYPE = YES_ERROR;
				GCC_WARN_UNDECLARED_SELECTOR = YES;
				GCC_WARN_UNINITIALIZED_AUTOS = YES_AGGRESSIVE;
				GCC_WARN_UNUSED_FUNCTION = YES;
				GCC_WARN_UNUSED_VARIABLE = YES;
				IPHONEOS_DEPLOYMENT_TARGET = 7.1;
				ONLY_ACTIVE_ARCH = YES;
				SDKROOT = iphoneos;
				TARGETED_DEVICE_FAMILY = "1,2";
			};
			name = Debug;
		};
		4F61C03F1936F43800F3ECD8 /* Release */ = {
			isa = XCBuildConfiguration;
			buildSettings = {
				ALWAYS_SEARCH_USER_PATHS = NO;
				CLANG_CXX_LANGUAGE_STANDARD = "gnu++0x";
				CLANG_CXX_LIBRARY = "libc++";
				CLANG_ENABLE_MODULES = YES;
				CLANG_ENABLE_OBJC_ARC = YES;
				CLANG_WARN_BOOL_CONVERSION = YES;
				CLANG_WARN_CONSTANT_CONVERSION = YES;
				CLANG_WARN_DIRECT_OBJC_ISA_USAGE = YES_ERROR;
				CLANG_WARN_EMPTY_BODY = YES;
				CLANG_WARN_ENUM_CONVERSION = YES;
				CLANG_WARN_INT_CONVERSION = YES;
				CLANG_WARN_OBJC_ROOT_CLASS = YES_ERROR;
				CLANG_WARN__DUPLICATE_METHOD_MATCH = YES;
				"CODE_SIGN_IDENTITY[sdk=iphoneos*]" = "iPhone Developer";
				COPY_PHASE_STRIP = YES;
				ENABLE_NS_ASSERTIONS = NO;
				GCC_C_LANGUAGE_STANDARD = gnu99;
				GCC_WARN_64_TO_32_BIT_CONVERSION = YES;
				GCC_WARN_ABOUT_RETURN_TYPE = YES_ERROR;
				GCC_WARN_UNDECLARED_SELECTOR = YES;
				GCC_WARN_UNINITIALIZED_AUTOS = YES_AGGRESSIVE;
				GCC_WARN_UNUSED_FUNCTION = YES;
				GCC_WARN_UNUSED_VARIABLE = YES;
				IPHONEOS_DEPLOYMENT_TARGET = 7.1;
				SDKROOT = iphoneos;
				TARGETED_DEVICE_FAMILY = "1,2";
				VALIDATE_PRODUCT = YES;
			};
			name = Release;
		};
		4F61C0411936F43800F3ECD8 /* Debug */ = {
			isa = XCBuildConfiguration;
			buildSettings = {
				ASSETCATALOG_COMPILER_APPICON_NAME = AppIcon;
				ASSETCATALOG_COMPILER_LAUNCHIMAGE_NAME = LaunchImage;
				CODE_SIGN_IDENTITY = "iPhone Developer";
				"CODE_SIGN_IDENTITY[sdk=iphoneos*]" = "iPhone Developer";
				ENABLE_BITCODE = NO;
				FRAMEWORK_SEARCH_PATHS = (
					"$(inherited)",
					"$(PROJECT_DIR)",
				);
				GCC_PRECOMPILE_PREFIX_HEADER = YES;
				GCC_PREFIX_HEADER = "Juggler/Juggler-Prefix.pch";
				INFOPLIST_FILE = "Juggler/Juggler-Info.plist";
				IPHONEOS_DEPLOYMENT_TARGET = 7.0;
				LIBRARY_SEARCH_PATHS = (
					"$(inherited)",
					"$(PROJECT_DIR)/Juggler/Chartboost",
					"$(PROJECT_DIR)/Juggler",
				);
				"OTHER_LDFLAGS[arch=*]" = "-ObjC";
				PRODUCT_BUNDLE_IDENTIFIER = com.evanlewis.juggler;
				PRODUCT_NAME = "$(TARGET_NAME)";
				PROVISIONING_PROFILE = "";
				SPRITEKIT_TEXTURE_ATLAS_OUTPUT = YES;
				WRAPPER_EXTENSION = app;
			};
			name = Debug;
		};
		4F61C0421936F43800F3ECD8 /* Release */ = {
			isa = XCBuildConfiguration;
			buildSettings = {
				ASSETCATALOG_COMPILER_APPICON_NAME = AppIcon;
				ASSETCATALOG_COMPILER_LAUNCHIMAGE_NAME = LaunchImage;
				CODE_SIGN_IDENTITY = "iPhone Developer";
				"CODE_SIGN_IDENTITY[sdk=iphoneos*]" = "iPhone Developer";
				ENABLE_BITCODE = NO;
				FRAMEWORK_SEARCH_PATHS = (
					"$(inherited)",
					"$(PROJECT_DIR)",
				);
				GCC_PRECOMPILE_PREFIX_HEADER = YES;
				GCC_PREFIX_HEADER = "Juggler/Juggler-Prefix.pch";
				INFOPLIST_FILE = "Juggler/Juggler-Info.plist";
				IPHONEOS_DEPLOYMENT_TARGET = 7.0;
				LIBRARY_SEARCH_PATHS = (
					"$(inherited)",
					"$(PROJECT_DIR)/Juggler/Chartboost",
					"$(PROJECT_DIR)/Juggler",
				);
				"OTHER_LDFLAGS[arch=*]" = "-ObjC";
				PRODUCT_BUNDLE_IDENTIFIER = com.evanlewis.juggler;
				PRODUCT_NAME = "$(TARGET_NAME)";
				PROVISIONING_PROFILE = "";
				SPRITEKIT_TEXTURE_ATLAS_OUTPUT = YES;
				WRAPPER_EXTENSION = app;
			};
			name = Release;
		};
		4F61C0441936F43800F3ECD8 /* Debug */ = {
			isa = XCBuildConfiguration;
			buildSettings = {
				BUNDLE_LOADER = "$(BUILT_PRODUCTS_DIR)/Juggler.app/Juggler";
				FRAMEWORK_SEARCH_PATHS = (
					"$(SDKROOT)/Developer/Library/Frameworks",
					"$(inherited)",
					"$(DEVELOPER_FRAMEWORKS_DIR)",
				);
				GCC_PRECOMPILE_PREFIX_HEADER = YES;
				GCC_PREFIX_HEADER = "Juggler/Juggler-Prefix.pch";
				GCC_PREPROCESSOR_DEFINITIONS = (
					"DEBUG=1",
					"$(inherited)",
				);
				INFOPLIST_FILE = "JugglerTests/JugglerTests-Info.plist";
				PRODUCT_BUNDLE_IDENTIFIER = "com.evanlewis.${PRODUCT_NAME:rfc1034identifier}";
				PRODUCT_NAME = "$(TARGET_NAME)";
				TEST_HOST = "$(BUNDLE_LOADER)";
				WRAPPER_EXTENSION = xctest;
			};
			name = Debug;
		};
		4F61C0451936F43800F3ECD8 /* Release */ = {
			isa = XCBuildConfiguration;
			buildSettings = {
				BUNDLE_LOADER = "$(BUILT_PRODUCTS_DIR)/Juggler.app/Juggler";
				FRAMEWORK_SEARCH_PATHS = (
					"$(SDKROOT)/Developer/Library/Frameworks",
					"$(inherited)",
					"$(DEVELOPER_FRAMEWORKS_DIR)",
				);
				GCC_PRECOMPILE_PREFIX_HEADER = YES;
				GCC_PREFIX_HEADER = "Juggler/Juggler-Prefix.pch";
				INFOPLIST_FILE = "JugglerTests/JugglerTests-Info.plist";
				PRODUCT_BUNDLE_IDENTIFIER = "com.evanlewis.${PRODUCT_NAME:rfc1034identifier}";
				PRODUCT_NAME = "$(TARGET_NAME)";
				TEST_HOST = "$(BUNDLE_LOADER)";
				WRAPPER_EXTENSION = xctest;
			};
			name = Release;
		};
/* End XCBuildConfiguration section */

/* Begin XCConfigurationList section */
		4F61BFFF1936F43700F3ECD8 /* Build configuration list for PBXProject "Juggler" */ = {
			isa = XCConfigurationList;
			buildConfigurations = (
				4F61C03E1936F43800F3ECD8 /* Debug */,
				4F61C03F1936F43800F3ECD8 /* Release */,
			);
			defaultConfigurationIsVisible = 0;
			defaultConfigurationName = Release;
		};
		4F61C0401936F43800F3ECD8 /* Build configuration list for PBXNativeTarget "Juggler" */ = {
			isa = XCConfigurationList;
			buildConfigurations = (
				4F61C0411936F43800F3ECD8 /* Debug */,
				4F61C0421936F43800F3ECD8 /* Release */,
			);
			defaultConfigurationIsVisible = 0;
			defaultConfigurationName = Release;
		};
		4F61C0431936F43800F3ECD8 /* Build configuration list for PBXNativeTarget "JugglerTests" */ = {
			isa = XCConfigurationList;
			buildConfigurations = (
				4F61C0441936F43800F3ECD8 /* Debug */,
				4F61C0451936F43800F3ECD8 /* Release */,
			);
			defaultConfigurationIsVisible = 0;
			defaultConfigurationName = Release;
		};
/* End XCConfigurationList section */
	};
	rootObject = 4F61BFFC1936F43700F3ECD8 /* Project object */;
}
