// !$*UTF8*$!
{
	archiveVersion = 1;
	classes = {
	};
	objectVersion = 46;
	objects = {

/* Begin PBXBuildFile section */
		4F9B00AC1D0A0D490021C174 /* AppDelegate.swift in Sources */ = {isa = PBXBuildFile; fileRef = 4F9B00AB1D0A0D490021C174 /* AppDelegate.swift */; };
		4F9B00AE1D0A0D490021C174 /* GameScene.sks in Resources */ = {isa = PBXBuildFile; fileRef = 4F9B00AD1D0A0D490021C174 /* GameScene.sks */; };
		4F9B00B01D0A0D490021C174 /* GameScene.swift in Sources */ = {isa = PBXBuildFile; fileRef = 4F9B00AF1D0A0D490021C174 /* GameScene.swift */; };
		4F9B00B21D0A0D490021C174 /* GameViewController.swift in Sources */ = {isa = PBXBuildFile; fileRef = 4F9B00B11D0A0D490021C174 /* GameViewController.swift */; };
		4F9B00B51D0A0D490021C174 /* Main.storyboard in Resources */ = {isa = PBXBuildFile; fileRef = 4F9B00B31D0A0D490021C174 /* Main.storyboard */; };
		4F9B00B71D0A0D490021C174 /* Assets.xcassets in Resources */ = {isa = PBXBuildFile; fileRef = 4F9B00B61D0A0D490021C174 /* Assets.xcassets */; };
		4F9B00BA1D0A0D490021C174 /* LaunchScreen.storyboard in Resources */ = {isa = PBXBuildFile; fileRef = 4F9B00B81D0A0D490021C174 /* LaunchScreen.storyboard */; };
		4F9B00C81D0A112D0021C174 /* Fabric.framework in Frameworks */ = {isa = PBXBuildFile; fileRef = 4F9B00C61D0A112D0021C174 /* Fabric.framework */; };
		4F9B00C91D0A112D0021C174 /* Crashlytics.framework in Frameworks */ = {isa = PBXBuildFile; fileRef = 4F9B00C71D0A112D0021C174 /* Crashlytics.framework */; };
		4F9B00CB1D0A11A60021C174 /* GameAnalytics.framework in Frameworks */ = {isa = PBXBuildFile; fileRef = 4F9B00CA1D0A11A60021C174 /* GameAnalytics.framework */; };
		4F9B00CE1D0A17080021C174 /* Chartboost.framework in Frameworks */ = {isa = PBXBuildFile; fileRef = 4F9B00CD1D0A17080021C174 /* Chartboost.framework */; };
		4F9B00D01D0A17190021C174 /* StoreKit.framework in Frameworks */ = {isa = PBXBuildFile; fileRef = 4F9B00CF1D0A17190021C174 /* StoreKit.framework */; };
		4F9B00D21D0A17280021C174 /* Foundation.framework in Frameworks */ = {isa = PBXBuildFile; fileRef = 4F9B00D11D0A17280021C174 /* Foundation.framework */; };
		4F9B00D41D0A172E0021C174 /* CoreGraphics.framework in Frameworks */ = {isa = PBXBuildFile; fileRef = 4F9B00D31D0A172E0021C174 /* CoreGraphics.framework */; };
		4F9B00D61D0A17340021C174 /* UIKit.framework in Frameworks */ = {isa = PBXBuildFile; fileRef = 4F9B00D51D0A17340021C174 /* UIKit.framework */; };
/* End PBXBuildFile section */

/* Begin PBXFileReference section */
		4F9B00A81D0A0D490021C174 /* Juggler.app */ = {isa = PBXFileReference; explicitFileType = wrapper.application; includeInIndex = 0; path = Juggler.app; sourceTree = BUILT_PRODUCTS_DIR; };
		4F9B00AB1D0A0D490021C174 /* AppDelegate.swift */ = {isa = PBXFileReference; lastKnownFileType = sourcecode.swift; path = AppDelegate.swift; sourceTree = "<group>"; };
		4F9B00AD1D0A0D490021C174 /* GameScene.sks */ = {isa = PBXFileReference; lastKnownFileType = file.sks; path = GameScene.sks; sourceTree = "<group>"; };
		4F9B00AF1D0A0D490021C174 /* GameScene.swift */ = {isa = PBXFileReference; lastKnownFileType = sourcecode.swift; path = GameScene.swift; sourceTree = "<group>"; };
		4F9B00B11D0A0D490021C174 /* GameViewController.swift */ = {isa = PBXFileReference; lastKnownFileType = sourcecode.swift; path = GameViewController.swift; sourceTree = "<group>"; };
		4F9B00B41D0A0D490021C174 /* Base */ = {isa = PBXFileReference; lastKnownFileType = file.storyboard; name = Base; path = Base.lproj/Main.storyboard; sourceTree = "<group>"; };
		4F9B00B61D0A0D490021C174 /* Assets.xcassets */ = {isa = PBXFileReference; lastKnownFileType = folder.assetcatalog; path = Assets.xcassets; sourceTree = "<group>"; };
		4F9B00B91D0A0D490021C174 /* Base */ = {isa = PBXFileReference; lastKnownFileType = file.storyboard; name = Base; path = Base.lproj/LaunchScreen.storyboard; sourceTree = "<group>"; };
		4F9B00BB1D0A0D490021C174 /* Info.plist */ = {isa = PBXFileReference; lastKnownFileType = text.plist.xml; path = Info.plist; sourceTree = "<group>"; };
		4F9B00C61D0A112D0021C174 /* Fabric.framework */ = {isa = PBXFileReference; lastKnownFileType = wrapper.framework; path = Fabric.framework; sourceTree = SOURCE_ROOT; };
		4F9B00C71D0A112D0021C174 /* Crashlytics.framework */ = {isa = PBXFileReference; lastKnownFileType = wrapper.framework; path = Crashlytics.framework; sourceTree = SOURCE_ROOT; };
		4F9B00CA1D0A11A60021C174 /* GameAnalytics.framework */ = {isa = PBXFileReference; lastKnownFileType = wrapper.framework; path = GameAnalytics.framework; sourceTree = SOURCE_ROOT; };
		4F9B00CD1D0A17080021C174 /* Chartboost.framework */ = {isa = PBXFileReference; lastKnownFileType = wrapper.framework; path = Chartboost.framework; sourceTree = "<group>"; };
		4F9B00CF1D0A17190021C174 /* StoreKit.framework */ = {isa = PBXFileReference; lastKnownFileType = wrapper.framework; name = StoreKit.framework; path = System/Library/Frameworks/StoreKit.framework; sourceTree = SDKROOT; };
		4F9B00D11D0A17280021C174 /* Foundation.framework */ = {isa = PBXFileReference; lastKnownFileType = wrapper.framework; name = Foundation.framework; path = System/Library/Frameworks/Foundation.framework; sourceTree = SDKROOT; };
		4F9B00D31D0A172E0021C174 /* CoreGraphics.framework */ = {isa = PBXFileReference; lastKnownFileType = wrapper.framework; name = CoreGraphics.framework; path = System/Library/Frameworks/CoreGraphics.framework; sourceTree = SDKROOT; };
		4F9B00D51D0A17340021C174 /* UIKit.framework */ = {isa = PBXFileReference; lastKnownFileType = wrapper.framework; name = UIKit.framework; path = System/Library/Frameworks/UIKit.framework; sourceTree = SDKROOT; };
		4F9B00DA1D0A18E50021C174 /* Juggler-Bridging-Header.h */ = {isa = PBXFileReference; lastKnownFileType = sourcecode.c.h; path = "Juggler-Bridging-Header.h"; sourceTree = "<group>"; };
/* End PBXFileReference section */

/* Begin PBXFrameworksBuildPhase section */
		4F9B00A51D0A0D490021C174 /* Frameworks */ = {
			isa = PBXFrameworksBuildPhase;
			buildActionMask = 2147483647;
			files = (
				4F9B00D61D0A17340021C174 /* UIKit.framework in Frameworks */,
				4F9B00D41D0A172E0021C174 /* CoreGraphics.framework in Frameworks */,
				4F9B00D21D0A17280021C174 /* Foundation.framework in Frameworks */,
				4F9B00D01D0A17190021C174 /* StoreKit.framework in Frameworks */,
				4F9B00C91D0A112D0021C174 /* Crashlytics.framework in Frameworks */,
				4F9B00CE1D0A17080021C174 /* Chartboost.framework in Frameworks */,
				4F9B00CB1D0A11A60021C174 /* GameAnalytics.framework in Frameworks */,
				4F9B00C81D0A112D0021C174 /* Fabric.framework in Frameworks */,
			);
			runOnlyForDeploymentPostprocessing = 0;
		};
/* End PBXFrameworksBuildPhase section */

/* Begin PBXGroup section */
		4F9B009F1D0A0D490021C174 = {
			isa = PBXGroup;
			children = (
				4F9B00AA1D0A0D490021C174 /* Juggler */,
				4F9B00A91D0A0D490021C174 /* Products */,
			);
			sourceTree = "<group>";
		};
		4F9B00A91D0A0D490021C174 /* Products */ = {
			isa = PBXGroup;
			children = (
				4F9B00A81D0A0D490021C174 /* Juggler.app */,
			);
			name = Products;
			sourceTree = "<group>";
		};
		4F9B00AA1D0A0D490021C174 /* Juggler */ = {
			isa = PBXGroup;
			children = (
				4F9B00AB1D0A0D490021C174 /* AppDelegate.swift */,
				4F9B00AD1D0A0D490021C174 /* GameScene.sks */,
				4F9B00AF1D0A0D490021C174 /* GameScene.swift */,
				4F9B00B11D0A0D490021C174 /* GameViewController.swift */,
				4F9B00B31D0A0D490021C174 /* Main.storyboard */,
				4F9B00B61D0A0D490021C174 /* Assets.xcassets */,
				4F9B00B81D0A0D490021C174 /* LaunchScreen.storyboard */,
				4F9B00BB1D0A0D490021C174 /* Info.plist */,
				4F9B00CC1D0A14360021C174 /* Frameworks */,
				4F9B00DA1D0A18E50021C174 /* Juggler-Bridging-Header.h */,
			);
			path = Juggler;
			sourceTree = "<group>";
		};
		4F9B00CC1D0A14360021C174 /* Frameworks */ = {
			isa = PBXGroup;
			children = (
				4F9B00D51D0A17340021C174 /* UIKit.framework */,
				4F9B00D31D0A172E0021C174 /* CoreGraphics.framework */,
				4F9B00D11D0A17280021C174 /* Foundation.framework */,
				4F9B00CF1D0A17190021C174 /* StoreKit.framework */,
				4F9B00CD1D0A17080021C174 /* Chartboost.framework */,
				4F9B00CA1D0A11A60021C174 /* GameAnalytics.framework */,
				4F9B00C61D0A112D0021C174 /* Fabric.framework */,
				4F9B00C71D0A112D0021C174 /* Crashlytics.framework */,
			);
			name = Frameworks;
			sourceTree = "<group>";
		};
/* End PBXGroup section */

/* Begin PBXNativeTarget section */
		4F9B00A71D0A0D490021C174 /* Juggler */ = {
			isa = PBXNativeTarget;
			buildConfigurationList = 4F9B00BE1D0A0D490021C174 /* Build configuration list for PBXNativeTarget "Juggler" */;
			buildPhases = (
				4F9B00A41D0A0D490021C174 /* Sources */,
				4F9B00A51D0A0D490021C174 /* Frameworks */,
				4F9B00A61D0A0D490021C174 /* Resources */,
				4F9B00C11D0A11060021C174 /* ShellScript */,
			);
			buildRules = (
			);
			dependencies = (
			);
			name = Juggler;
			productName = Juggler;
			productReference = 4F9B00A81D0A0D490021C174 /* Juggler.app */;
			productType = "com.apple.product-type.application";
		};
/* End PBXNativeTarget section */

/* Begin PBXProject section */
		4F9B00A01D0A0D490021C174 /* Project object */ = {
			isa = PBXProject;
			attributes = {
				LastSwiftUpdateCheck = 0730;
				LastUpgradeCheck = 0730;
				ORGANIZATIONNAME = "Evan Lewis";
				TargetAttributes = {
					4F9B00A71D0A0D490021C174 = {
						CreatedOnToolsVersion = 7.3.1;
						DevelopmentTeam = 7ZE54HDXZR;
					};
				};
			};
			buildConfigurationList = 4F9B00A31D0A0D490021C174 /* Build configuration list for PBXProject "Juggler" */;
			compatibilityVersion = "Xcode 3.2";
			developmentRegion = English;
			hasScannedForEncodings = 0;
			knownRegions = (
				en,
				Base,
			);
			mainGroup = 4F9B009F1D0A0D490021C174;
			productRefGroup = 4F9B00A91D0A0D490021C174 /* Products */;
			projectDirPath = "";
			projectRoot = "";
			targets = (
				4F9B00A71D0A0D490021C174 /* Juggler */,
			);
		};
/* End PBXProject section */

/* Begin PBXResourcesBuildPhase section */
		4F9B00A61D0A0D490021C174 /* Resources */ = {
			isa = PBXResourcesBuildPhase;
			buildActionMask = 2147483647;
			files = (
				4F9B00AE1D0A0D490021C174 /* GameScene.sks in Resources */,
				4F9B00BA1D0A0D490021C174 /* LaunchScreen.storyboard in Resources */,
				4F9B00B71D0A0D490021C174 /* Assets.xcassets in Resources */,
				4F9B00B51D0A0D490021C174 /* Main.storyboard in Resources */,
			);
			runOnlyForDeploymentPostprocessing = 0;
		};
/* End PBXResourcesBuildPhase section */

/* Begin PBXShellScriptBuildPhase section */
		4F9B00C11D0A11060021C174 /* ShellScript */ = {
			isa = PBXShellScriptBuildPhase;
			buildActionMask = 2147483647;
			files = (
			);
			inputPaths = (
			);
			outputPaths = (
			);
			runOnlyForDeploymentPostprocessing = 0;
			shellPath = /bin/sh;
			shellScript = "./Fabric.framework/run 2dc7fcb0503f1e8d4ab624535a9f5d48db7d596a b9a9b1123a61d00895b7f4d3986f94eb8059971ecb398ac16a006ae6182a1af2";
		};
/* End PBXShellScriptBuildPhase section */

/* Begin PBXSourcesBuildPhase section */
		4F9B00A41D0A0D490021C174 /* Sources */ = {
			isa = PBXSourcesBuildPhase;
			buildActionMask = 2147483647;
			files = (
				4F9B00B01D0A0D490021C174 /* GameScene.swift in Sources */,
				4F9B00B21D0A0D490021C174 /* GameViewController.swift in Sources */,
				4F9B00AC1D0A0D490021C174 /* AppDelegate.swift in Sources */,
			);
			runOnlyForDeploymentPostprocessing = 0;
		};
/* End PBXSourcesBuildPhase section */

/* Begin PBXVariantGroup section */
		4F9B00B31D0A0D490021C174 /* Main.storyboard */ = {
			isa = PBXVariantGroup;
			children = (
				4F9B00B41D0A0D490021C174 /* Base */,
			);
			name = Main.storyboard;
			sourceTree = "<group>";
		};
		4F9B00B81D0A0D490021C174 /* LaunchScreen.storyboard */ = {
			isa = PBXVariantGroup;
			children = (
				4F9B00B91D0A0D490021C174 /* Base */,
			);
			name = LaunchScreen.storyboard;
			sourceTree = "<group>";
		};
/* End PBXVariantGroup section */

/* Begin XCBuildConfiguration section */
		4F9B00BC1D0A0D490021C174 /* Debug */ = {
			isa = XCBuildConfiguration;
			buildSettings = {
				ALWAYS_SEARCH_USER_PATHS = NO;
				CLANG_ANALYZER_NONNULL = YES;
				CLANG_CXX_LANGUAGE_STANDARD = "gnu++0x";
				CLANG_CXX_LIBRARY = "libc++";
				CLANG_ENABLE_MODULES = YES;
				CLANG_ENABLE_OBJC_ARC = YES;
				CLANG_WARN_BOOL_CONVERSION = YES;
				CLANG_WARN_CONSTANT_CONVERSION = YES;
				CLANG_WARN_DIRECT_OBJC_ISA_USAGE = YES_ERROR;
				CLANG_WARN_EMPTY_BODY = YES;
				CLANG_WARN_ENUM_CONVERSION = YES;
				CLANG_WARN_INT_CONVERSION = YES;
				CLANG_WARN_OBJC_ROOT_CLASS = YES_ERROR;
				CLANG_WARN_UNREACHABLE_CODE = YES;
				CLANG_WARN__DUPLICATE_METHOD_MATCH = YES;
				"CODE_SIGN_IDENTITY[sdk=iphoneos*]" = "iPhone Developer";
				COPY_PHASE_STRIP = NO;
				DEBUG_INFORMATION_FORMAT = "dwarf-with-dsym";
				ENABLE_STRICT_OBJC_MSGSEND = YES;
				ENABLE_TESTABILITY = YES;
				GCC_C_LANGUAGE_STANDARD = gnu99;
				GCC_DYNAMIC_NO_PIC = NO;
				GCC_NO_COMMON_BLOCKS = YES;
				GCC_OPTIMIZATION_LEVEL = 0;
				GCC_PREPROCESSOR_DEFINITIONS = (
					"DEBUG=1",
					"$(inherited)",
				);
				GCC_WARN_64_TO_32_BIT_CONVERSION = YES;
				GCC_WARN_ABOUT_RETURN_TYPE = YES_ERROR;
				GCC_WARN_UNDECLARED_SELECTOR = YES;
				GCC_WARN_UNINITIALIZED_AUTOS = YES_AGGRESSIVE;
				GCC_WARN_UNUSED_FUNCTION = YES;
				GCC_WARN_UNUSED_VARIABLE = YES;
				IPHONEOS_DEPLOYMENT_TARGET = 9.3;
				MTL_ENABLE_DEBUG_INFO = YES;
				ONLY_ACTIVE_ARCH = YES;
				SDKROOT = iphoneos;
				SWIFT_OPTIMIZATION_LEVEL = "-Onone";
			};
			name = Debug;
		};
		4F9B00BD1D0A0D490021C174 /* Release */ = {
			isa = XCBuildConfiguration;
			buildSettings = {
				ALWAYS_SEARCH_USER_PATHS = NO;
				CLANG_ANALYZER_NONNULL = YES;
				CLANG_CXX_LANGUAGE_STANDARD = "gnu++0x";
				CLANG_CXX_LIBRARY = "libc++";
				CLANG_ENABLE_MODULES = YES;
				CLANG_ENABLE_OBJC_ARC = YES;
				CLANG_WARN_BOOL_CONVERSION = YES;
				CLANG_WARN_CONSTANT_CONVERSION = YES;
				CLANG_WARN_DIRECT_OBJC_ISA_USAGE = YES_ERROR;
				CLANG_WARN_EMPTY_BODY = YES;
				CLANG_WARN_ENUM_CONVERSION = YES;
				CLANG_WARN_INT_CONVERSION = YES;
				CLANG_WARN_OBJC_ROOT_CLASS = YES_ERROR;
				CLANG_WARN_UNREACHABLE_CODE = YES;
				CLANG_WARN__DUPLICATE_METHOD_MATCH = YES;
				"CODE_SIGN_IDENTITY[sdk=iphoneos*]" = "iPhone Developer";
				COPY_PHASE_STRIP = NO;
				DEBUG_INFORMATION_FORMAT = "dwarf-with-dsym";
				ENABLE_NS_ASSERTIONS = NO;
				ENABLE_STRICT_OBJC_MSGSEND = YES;
				GCC_C_LANGUAGE_STANDARD = gnu99;
				GCC_NO_COMMON_BLOCKS = YES;
				GCC_WARN_64_TO_32_BIT_CONVERSION = YES;
				GCC_WARN_ABOUT_RETURN_TYPE = YES_ERROR;
				GCC_WARN_UNDECLARED_SELECTOR = YES;
				GCC_WARN_UNINITIALIZED_AUTOS = YES_AGGRESSIVE;
				GCC_WARN_UNUSED_FUNCTION = YES;
				GCC_WARN_UNUSED_VARIABLE = YES;
				IPHONEOS_DEPLOYMENT_TARGET = 9.3;
				MTL_ENABLE_DEBUG_INFO = NO;
				SDKROOT = iphoneos;
				VALIDATE_PRODUCT = YES;
			};
			name = Release;
		};
		4F9B00BF1D0A0D490021C174 /* Debug */ = {
			isa = XCBuildConfiguration;
			buildSettings = {
				ASSETCATALOG_COMPILER_APPICON_NAME = AppIcon;
				CLANG_ENABLE_MODULES = YES;
				CODE_SIGN_IDENTITY = "iPhone Developer";
				FRAMEWORK_SEARCH_PATHS = (
					"$(inherited)",
					"$(PROJECT_DIR)/Juggler",
					"$(PROJECT_DIR)",
				);
				INFOPLIST_FILE = Juggler/Info.plist;
				LD_RUNPATH_SEARCH_PATHS = "$(inherited) @executable_path/Frameworks";
				PRODUCT_BUNDLE_IDENTIFIER = com.evanlewis.juggler;
				PRODUCT_NAME = "$(TARGET_NAME)";
				SWIFT_OBJC_BRIDGING_HEADER = "Juggler/Juggler-Bridging-Header.h";
				SWIFT_OPTIMIZATION_LEVEL = "-Onone";
			};
			name = Debug;
		};
		4F9B00C01D0A0D490021C174 /* Release */ = {
			isa = XCBuildConfiguration;
			buildSettings = {
				ASSETCATALOG_COMPILER_APPICON_NAME = AppIcon;
				CLANG_ENABLE_MODULES = YES;
				CODE_SIGN_IDENTITY = "iPhone Developer";
				FRAMEWORK_SEARCH_PATHS = (
					"$(inherited)",
					"$(PROJECT_DIR)/Juggler",
					"$(PROJECT_DIR)",
				);
				INFOPLIST_FILE = Juggler/Info.plist;
				LD_RUNPATH_SEARCH_PATHS = "$(inherited) @executable_path/Frameworks";
				PRODUCT_BUNDLE_IDENTIFIER = com.evanlewis.juggler;
				PRODUCT_NAME = "$(TARGET_NAME)";
				SWIFT_OBJC_BRIDGING_HEADER = "Juggler/Juggler-Bridging-Header.h";
			};
			name = Release;
		};
/* End XCBuildConfiguration section */

/* Begin XCConfigurationList section */
		4F9B00A31D0A0D490021C174 /* Build configuration list for PBXProject "Juggler" */ = {
			isa = XCConfigurationList;
			buildConfigurations = (
				4F9B00BC1D0A0D490021C174 /* Debug */,
				4F9B00BD1D0A0D490021C174 /* Release */,
			);
			defaultConfigurationIsVisible = 0;
			defaultConfigurationName = Release;
		};
		4F9B00BE1D0A0D490021C174 /* Build configuration list for PBXNativeTarget "Juggler" */ = {
			isa = XCConfigurationList;
			buildConfigurations = (
				4F9B00BF1D0A0D490021C174 /* Debug */,
				4F9B00C01D0A0D490021C174 /* Release */,
			);
			defaultConfigurationIsVisible = 0;
			defaultConfigurationName = Release;
		};
/* End XCConfigurationList section */
	};
	rootObject = 4F9B00A01D0A0D490021C174 /* Project object */;
}
